
Microsoft Visual Studio Solution File, Format Version 12.00
# Visual Studio Version 16
VisualStudioVersion = 16.0.31613.86
MinimumVisualStudioVersion = 10.0.40219.1
Project("{FAE04EC0-301F-11D3-BF4B-00C04F79EFBC}") = "AzureWebAppDemo", "AzureWebAppDemo\AzureWebAppDemo.csproj", "{B230383C-8C54-406D-A2ED-8367C3E01045}"
EndProject
Global
	GlobalSection(SolutionConfigurationPlatforms) = preSolution
		Debug|Any CPU = Debug|Any CPU
		Release|Any CPU = Release|Any CPU
	EndGlobalSection
	GlobalSection(ProjectConfigurationPlatforms) = postSolution
		{B230383C-8C54-406D-A2ED-8367C3E01045}.Debug|Any CPU.ActiveCfg = Debug|Any CPU
		{B230383C-8C54-406D-A2ED-8367C3E01045}.Debug|Any CPU.Build.0 = Debug|Any CPU
		{B230383C-8C54-406D-A2ED-8367C3E01045}.Release|Any CPU.ActiveCfg = Release|Any CPU
		{B230383C-8C54-406D-A2ED-8367C3E01045}.Release|Any CPU.Build.0 = Release|Any CPU
	EndGlobalSection
	GlobalSection(SolutionProperties) = preSolution
		HideSolutionNode = FALSE
	EndGlobalSection
	GlobalSection(ExtensibilityGlobals) = postSolution
		SolutionGuid = {396F73EA-D73C-45AB-9E5D-7121E2086168}
	EndGlobalSection
EndGlobal
